
Microsoft Visual Studio Solution File, Format Version 12.00
# Visual Studio Version 16
VisualStudioVersion = 16.0.31624.102
MinimumVisualStudioVersion = 10.0.40219.1
Project("{8BC9CEB8-8B4A-11D0-8D11-00A0C91BC942}") = "秒数转日期", "秒数转日期\秒数转日期.vcxproj", "{1D332D40-1952-49AB-B0EA-C0FFD2AD460D}"
EndProject
Project("{8BC9CEB8-8B4A-11D0-8D11-00A0C91BC942}") = "KFC点餐", "KFC点餐\KFC点餐.vcxproj", "{99328F32-E8D5-4E51-8A2B-6454FAACFCA8}"
EndProject
Global
	GlobalSection(SolutionConfigurationPlatforms) = preSolution
		Debug|x64 = Debug|x64
		Debug|x86 = Debug|x86
		Release|x64 = Release|x64
		Release|x86 = Release|x86
	EndGlobalSection
	GlobalSection(ProjectConfigurationPlatforms) = postSolution
		{1D332D40-1952-49AB-B0EA-C0FFD2AD460D}.Debug|x64.ActiveCfg = Debug|x64
		{1D332D40-1952-49AB-B0EA-C0FFD2AD460D}.Debug|x64.Build.0 = Debug|x64
		{1D332D40-1952-49AB-B0EA-C0FFD2AD460D}.Debug|x86.ActiveCfg = Debug|Win32
		{1D332D40-1952-49AB-B0EA-C0FFD2AD460D}.Debug|x86.Build.0 = Debug|Win32
		{1D332D40-1952-49AB-B0EA-C0FFD2AD460D}.Release|x64.ActiveCfg = Release|x64
		{1D332D40-1952-49AB-B0EA-C0FFD2AD460D}.Release|x64.Build.0 = Release|x64
		{1D332D40-1952-49AB-B0EA-C0FFD2AD460D}.Release|x86.ActiveCfg = Release|Win32
		{1D332D40-1952-49AB-B0EA-C0FFD2AD460D}.Release|x86.Build.0 = Release|Win32
		{99328F32-E8D5-4E51-8A2B-6454FAACFCA8}.Debug|x64.ActiveCfg = Debug|x64
		{99328F32-E8D5-4E51-8A2B-6454FAACFCA8}.Debug|x64.Build.0 = Debug|x64
		{99328F32-E8D5-4E51-8A2B-6454FAACFCA8}.Debug|x86.ActiveCfg = Debug|Win32
		{99328F32-E8D5-4E51-8A2B-6454FAACFCA8}.Debug|x86.Build.0 = Debug|Win32
		{99328F32-E8D5-4E51-8A2B-6454FAACFCA8}.Release|x64.ActiveCfg = Release|x64
		{99328F32-E8D5-4E51-8A2B-6454FAACFCA8}.Release|x64.Build.0 = Release|x64
		{99328F32-E8D5-4E51-8A2B-6454FAACFCA8}.Release|x86.ActiveCfg = Release|Win32
		{99328F32-E8D5-4E51-8A2B-6454FAACFCA8}.Release|x86.Build.0 = Release|Win32
	EndGlobalSection
	GlobalSection(SolutionProperties) = preSolution
		HideSolutionNode = FALSE
	EndGlobalSection
	GlobalSection(ExtensibilityGlobals) = postSolution
		SolutionGuid = {D6F89CAE-E162-4C87-8A4D-4A512F597C4F}
	EndGlobalSection
EndGlobal
